{
  "pins" : [
    {
      "identity" : "swiftuibamminiplayerlibrary",
      "kind" : "remoteSourceControl",
      "location" : "https://github.com/StudioKaori/SwiftUIBamMiniPlayerLibrary",
      "state" : {
        "branch" : "main",
        "revision" : "28ccac134fdc8fb3cd135f5e17017ef85350c131"
      }
    }
  ],
  "version" : 2
}
