{
  "pins" : [
    {
      "identity" : "swiftuibamminiplayerlibrary",
      "kind" : "remoteSourceControl",
      "location" : "https://github.com/StudioKaori/SwiftUIBamMiniPlayerLibrary",
      "state" : {
        "branch" : "main",
        "revision" : "79f9057f623aa1ae9639bb8f8075f4cb1aafbcb8"
      }
    }
  ],
  "version" : 2
}
