{
  "pins" : [
    {
      "identity" : "swiftuibamminiplayerlibrary",
      "kind" : "remoteSourceControl",
      "location" : "https://github.com/StudioKaori/SwiftUIBamMiniPlayerLibrary",
      "state" : {
        "branch" : "main",
        "revision" : "9ba79187a30a3e2fe7361ea2dc8495340a188bdb"
      }
    }
  ],
  "version" : 2
}
